
Microsoft Visual Studio Solution File, Format Version 12.00
# Visual Studio Version 16
VisualStudioVersion = 16.0.29911.84
MinimumVisualStudioVersion = 10.0.40219.1
Project("{FAE04EC0-301F-11D3-BF4B-00C04F79EFBC}") = "JWTAPI", "JWTAPI\JWTAPI.csproj", "{3D8E923D-73E8-4B84-8E11-65DC89FBD2AA}"
EndProject
Global
	GlobalSection(SolutionConfigurationPlatforms) = preSolution
		Debug|Any CPU = Debug|Any CPU
		Release|Any CPU = Release|Any CPU
	EndGlobalSection
	GlobalSection(ProjectConfigurationPlatforms) = postSolution
		{3D8E923D-73E8-4B84-8E11-65DC89FBD2AA}.Debug|Any CPU.ActiveCfg = Debug|Any CPU
		{3D8E923D-73E8-4B84-8E11-65DC89FBD2AA}.Debug|Any CPU.Build.0 = Debug|Any CPU
		{3D8E923D-73E8-4B84-8E11-65DC89FBD2AA}.Release|Any CPU.ActiveCfg = Release|Any CPU
		{3D8E923D-73E8-4B84-8E11-65DC89FBD2AA}.Release|Any CPU.Build.0 = Release|Any CPU
	EndGlobalSection
	GlobalSection(SolutionProperties) = preSolution
		HideSolutionNode = FALSE
	EndGlobalSection
	GlobalSection(ExtensibilityGlobals) = postSolution
		SolutionGuid = {9F18B41C-A530-4285-9C42-C54D5770DBFE}
	EndGlobalSection
EndGlobal
